
Microsoft Visual Studio Solution File, Format Version 12.00
# Visual Studio Version 17
VisualStudioVersion = 17.2.32505.173
MinimumVisualStudioVersion = 10.0.40219.1
Project("{FAE04EC0-301F-11D3-BF4B-00C04F79EFBC}") = "SwitchCase", "SwitchCase\SwitchCase.csproj", "{D5E54127-888F-496D-8D83-0904255A6006}"
EndProject
Global
	GlobalSection(SolutionConfigurationPlatforms) = preSolution
		Debug|Any CPU = Debug|Any CPU
		Release|Any CPU = Release|Any CPU
	EndGlobalSection
	GlobalSection(ProjectConfigurationPlatforms) = postSolution
		{D5E54127-888F-496D-8D83-0904255A6006}.Debug|Any CPU.ActiveCfg = Debug|Any CPU
		{D5E54127-888F-496D-8D83-0904255A6006}.Debug|Any CPU.Build.0 = Debug|Any CPU
		{D5E54127-888F-496D-8D83-0904255A6006}.Release|Any CPU.ActiveCfg = Release|Any CPU
		{D5E54127-888F-496D-8D83-0904255A6006}.Release|Any CPU.Build.0 = Release|Any CPU
	EndGlobalSection
	GlobalSection(SolutionProperties) = preSolution
		HideSolutionNode = FALSE
	EndGlobalSection
	GlobalSection(ExtensibilityGlobals) = postSolution
		SolutionGuid = {5394C56E-B8E8-4BF7-96B7-8E8D1C222AD5}
	EndGlobalSection
EndGlobal
