
Microsoft Visual Studio Solution File, Format Version 12.00
# Visual Studio Version 17
VisualStudioVersion = 17.2.32505.173
MinimumVisualStudioVersion = 10.0.40219.1
Project("{FAE04EC0-301F-11D3-BF4B-00C04F79EFBC}") = "StockWithConstructors", "StockWithConstructors\StockWithConstructors.csproj", "{A17DE1CF-F331-44C6-A5C9-948BD48C3B48}"
EndProject
Global
	GlobalSection(SolutionConfigurationPlatforms) = preSolution
		Debug|Any CPU = Debug|Any CPU
		Release|Any CPU = Release|Any CPU
	EndGlobalSection
	GlobalSection(ProjectConfigurationPlatforms) = postSolution
		{A17DE1CF-F331-44C6-A5C9-948BD48C3B48}.Debug|Any CPU.ActiveCfg = Debug|Any CPU
		{A17DE1CF-F331-44C6-A5C9-948BD48C3B48}.Debug|Any CPU.Build.0 = Debug|Any CPU
		{A17DE1CF-F331-44C6-A5C9-948BD48C3B48}.Release|Any CPU.ActiveCfg = Release|Any CPU
		{A17DE1CF-F331-44C6-A5C9-948BD48C3B48}.Release|Any CPU.Build.0 = Release|Any CPU
	EndGlobalSection
	GlobalSection(SolutionProperties) = preSolution
		HideSolutionNode = FALSE
	EndGlobalSection
	GlobalSection(ExtensibilityGlobals) = postSolution
		SolutionGuid = {C557F472-D9D1-41DD-9726-0443A9D79F07}
	EndGlobalSection
EndGlobal
