
Microsoft Visual Studio Solution File, Format Version 12.00
# Visual Studio Version 17
VisualStudioVersion = 17.2.32505.173
MinimumVisualStudioVersion = 10.0.40219.1
Project("{FAE04EC0-301F-11D3-BF4B-00C04F79EFBC}") = "EnumerationExercise01", "EnumerationExercise01\EnumerationExercise01.csproj", "{15D382FB-01ED-4161-975B-85D45E355223}"
EndProject
Global
	GlobalSection(SolutionConfigurationPlatforms) = preSolution
		Debug|Any CPU = Debug|Any CPU
		Release|Any CPU = Release|Any CPU
	EndGlobalSection
	GlobalSection(ProjectConfigurationPlatforms) = postSolution
		{15D382FB-01ED-4161-975B-85D45E355223}.Debug|Any CPU.ActiveCfg = Debug|Any CPU
		{15D382FB-01ED-4161-975B-85D45E355223}.Debug|Any CPU.Build.0 = Debug|Any CPU
		{15D382FB-01ED-4161-975B-85D45E355223}.Release|Any CPU.ActiveCfg = Release|Any CPU
		{15D382FB-01ED-4161-975B-85D45E355223}.Release|Any CPU.Build.0 = Release|Any CPU
	EndGlobalSection
	GlobalSection(SolutionProperties) = preSolution
		HideSolutionNode = FALSE
	EndGlobalSection
	GlobalSection(ExtensibilityGlobals) = postSolution
		SolutionGuid = {88759844-1D39-4053-A2A8-EC7BCD9F275E}
	EndGlobalSection
EndGlobal
