
Microsoft Visual Studio Solution File, Format Version 12.00
# Visual Studio Version 17
VisualStudioVersion = 17.2.32505.173
MinimumVisualStudioVersion = 10.0.40219.1
Project("{FAE04EC0-301F-11D3-BF4B-00C04F79EFBC}") = "Predicate", "Predicate\Predicate.csproj", "{22F45F79-F73A-4ED6-8B3E-CF12226F4ECF}"
EndProject
Global
	GlobalSection(SolutionConfigurationPlatforms) = preSolution
		Debug|Any CPU = Debug|Any CPU
		Release|Any CPU = Release|Any CPU
	EndGlobalSection
	GlobalSection(ProjectConfigurationPlatforms) = postSolution
		{22F45F79-F73A-4ED6-8B3E-CF12226F4ECF}.Debug|Any CPU.ActiveCfg = Debug|Any CPU
		{22F45F79-F73A-4ED6-8B3E-CF12226F4ECF}.Debug|Any CPU.Build.0 = Debug|Any CPU
		{22F45F79-F73A-4ED6-8B3E-CF12226F4ECF}.Release|Any CPU.ActiveCfg = Release|Any CPU
		{22F45F79-F73A-4ED6-8B3E-CF12226F4ECF}.Release|Any CPU.Build.0 = Release|Any CPU
	EndGlobalSection
	GlobalSection(SolutionProperties) = preSolution
		HideSolutionNode = FALSE
	EndGlobalSection
	GlobalSection(ExtensibilityGlobals) = postSolution
		SolutionGuid = {4DB91682-DB40-4A52-AC42-EE9A9B113ED8}
	EndGlobalSection
EndGlobal
