
Microsoft Visual Studio Solution File, Format Version 12.00
# Visual Studio Version 17
VisualStudioVersion = 17.2.32505.173
MinimumVisualStudioVersion = 10.0.40219.1
Project("{FAE04EC0-301F-11D3-BF4B-00C04F79EFBC}") = "AccessLog-Comparator", "AccessLog-Comparator\AccessLog-Comparator.csproj", "{5362BF9E-A9D9-481A-AD54-7C5D5042DCC2}"
EndProject
Global
	GlobalSection(SolutionConfigurationPlatforms) = preSolution
		Debug|Any CPU = Debug|Any CPU
		Release|Any CPU = Release|Any CPU
	EndGlobalSection
	GlobalSection(ProjectConfigurationPlatforms) = postSolution
		{5362BF9E-A9D9-481A-AD54-7C5D5042DCC2}.Debug|Any CPU.ActiveCfg = Debug|Any CPU
		{5362BF9E-A9D9-481A-AD54-7C5D5042DCC2}.Debug|Any CPU.Build.0 = Debug|Any CPU
		{5362BF9E-A9D9-481A-AD54-7C5D5042DCC2}.Release|Any CPU.ActiveCfg = Release|Any CPU
		{5362BF9E-A9D9-481A-AD54-7C5D5042DCC2}.Release|Any CPU.Build.0 = Release|Any CPU
	EndGlobalSection
	GlobalSection(SolutionProperties) = preSolution
		HideSolutionNode = FALSE
	EndGlobalSection
	GlobalSection(ExtensibilityGlobals) = postSolution
		SolutionGuid = {912A02E1-B195-44E2-A1D2-F90666983C99}
	EndGlobalSection
EndGlobal
