
Microsoft Visual Studio Solution File, Format Version 12.00
# Visual Studio Version 17
VisualStudioVersion = 17.2.32505.173
MinimumVisualStudioVersion = 10.0.40219.1
Project("{FAE04EC0-301F-11D3-BF4B-00C04F79EFBC}") = "StockWithEncapsulation", "StockWithEncapsulation\StockWithEncapsulation.csproj", "{58014854-634B-4F2C-BAC7-D1AD359A996D}"
EndProject
Global
	GlobalSection(SolutionConfigurationPlatforms) = preSolution
		Debug|Any CPU = Debug|Any CPU
		Release|Any CPU = Release|Any CPU
	EndGlobalSection
	GlobalSection(ProjectConfigurationPlatforms) = postSolution
		{58014854-634B-4F2C-BAC7-D1AD359A996D}.Debug|Any CPU.ActiveCfg = Debug|Any CPU
		{58014854-634B-4F2C-BAC7-D1AD359A996D}.Debug|Any CPU.Build.0 = Debug|Any CPU
		{58014854-634B-4F2C-BAC7-D1AD359A996D}.Release|Any CPU.ActiveCfg = Release|Any CPU
		{58014854-634B-4F2C-BAC7-D1AD359A996D}.Release|Any CPU.Build.0 = Release|Any CPU
	EndGlobalSection
	GlobalSection(SolutionProperties) = preSolution
		HideSolutionNode = FALSE
	EndGlobalSection
	GlobalSection(ExtensibilityGlobals) = postSolution
		SolutionGuid = {92401453-7436-4B6E-8C20-F61A797CD323}
	EndGlobalSection
EndGlobal
