
Microsoft Visual Studio Solution File, Format Version 12.00
# Visual Studio Version 17
VisualStudioVersion = 17.2.32505.173
MinimumVisualStudioVersion = 10.0.40219.1
Project("{FAE04EC0-301F-11D3-BF4B-00C04F79EFBC}") = "Rectangle", "Rectangle\Rectangle.csproj", "{96BD2657-ABF9-44AC-966A-FF203AE3A542}"
EndProject
Global
	GlobalSection(SolutionConfigurationPlatforms) = preSolution
		Debug|Any CPU = Debug|Any CPU
		Release|Any CPU = Release|Any CPU
	EndGlobalSection
	GlobalSection(ProjectConfigurationPlatforms) = postSolution
		{96BD2657-ABF9-44AC-966A-FF203AE3A542}.Debug|Any CPU.ActiveCfg = Debug|Any CPU
		{96BD2657-ABF9-44AC-966A-FF203AE3A542}.Debug|Any CPU.Build.0 = Debug|Any CPU
		{96BD2657-ABF9-44AC-966A-FF203AE3A542}.Release|Any CPU.ActiveCfg = Release|Any CPU
		{96BD2657-ABF9-44AC-966A-FF203AE3A542}.Release|Any CPU.Build.0 = Release|Any CPU
	EndGlobalSection
	GlobalSection(SolutionProperties) = preSolution
		HideSolutionNode = FALSE
	EndGlobalSection
	GlobalSection(ExtensibilityGlobals) = postSolution
		SolutionGuid = {8D152DE8-06C8-4D2C-8A40-EACCB307428E}
	EndGlobalSection
EndGlobal
