
Microsoft Visual Studio Solution File, Format Version 12.00
# Visual Studio Version 17
VisualStudioVersion = 17.2.32505.173
MinimumVisualStudioVersion = 10.0.40219.1
Project("{FAE04EC0-301F-11D3-BF4B-00C04F79EFBC}") = "DataOutputExercise", "DataOutputExercise\DataOutputExercise.csproj", "{BC1F1E01-9552-42BD-9D7E-2A4111347D1C}"
EndProject
Global
	GlobalSection(SolutionConfigurationPlatforms) = preSolution
		Debug|Any CPU = Debug|Any CPU
		Release|Any CPU = Release|Any CPU
	EndGlobalSection
	GlobalSection(ProjectConfigurationPlatforms) = postSolution
		{BC1F1E01-9552-42BD-9D7E-2A4111347D1C}.Debug|Any CPU.ActiveCfg = Debug|Any CPU
		{BC1F1E01-9552-42BD-9D7E-2A4111347D1C}.Debug|Any CPU.Build.0 = Debug|Any CPU
		{BC1F1E01-9552-42BD-9D7E-2A4111347D1C}.Release|Any CPU.ActiveCfg = Release|Any CPU
		{BC1F1E01-9552-42BD-9D7E-2A4111347D1C}.Release|Any CPU.Build.0 = Release|Any CPU
	EndGlobalSection
	GlobalSection(SolutionProperties) = preSolution
		HideSolutionNode = FALSE
	EndGlobalSection
	GlobalSection(ExtensibilityGlobals) = postSolution
		SolutionGuid = {73DA334B-F093-4877-878D-FCCA4CEB6C31}
	EndGlobalSection
EndGlobal
