
Microsoft Visual Studio Solution File, Format Version 12.00
# Visual Studio Version 17
VisualStudioVersion = 17.2.32505.173
MinimumVisualStudioVersion = 10.0.40219.1
Project("{FAE04EC0-301F-11D3-BF4B-00C04F79EFBC}") = "StreamWriter", "StreamWriter\StreamWriter.csproj", "{891641DE-F27C-410D-8D8E-3F3FB8483BE1}"
EndProject
Global
	GlobalSection(SolutionConfigurationPlatforms) = preSolution
		Debug|Any CPU = Debug|Any CPU
		Release|Any CPU = Release|Any CPU
	EndGlobalSection
	GlobalSection(ProjectConfigurationPlatforms) = postSolution
		{891641DE-F27C-410D-8D8E-3F3FB8483BE1}.Debug|Any CPU.ActiveCfg = Debug|Any CPU
		{891641DE-F27C-410D-8D8E-3F3FB8483BE1}.Debug|Any CPU.Build.0 = Debug|Any CPU
		{891641DE-F27C-410D-8D8E-3F3FB8483BE1}.Release|Any CPU.ActiveCfg = Release|Any CPU
		{891641DE-F27C-410D-8D8E-3F3FB8483BE1}.Release|Any CPU.Build.0 = Release|Any CPU
	EndGlobalSection
	GlobalSection(SolutionProperties) = preSolution
		HideSolutionNode = FALSE
	EndGlobalSection
	GlobalSection(ExtensibilityGlobals) = postSolution
		SolutionGuid = {4F21F3F1-B035-405F-A3E4-2E90E484A04F}
	EndGlobalSection
EndGlobal
