
Microsoft Visual Studio Solution File, Format Version 12.00
# Visual Studio Version 17
VisualStudioVersion = 17.2.32505.173
MinimumVisualStudioVersion = 10.0.40219.1
Project("{FAE04EC0-301F-11D3-BF4B-00C04F79EFBC}") = "AutoProperties", "AutoProperties\AutoProperties.csproj", "{6C50E779-63D0-4404-8482-BD7133DE5DC9}"
EndProject
Global
	GlobalSection(SolutionConfigurationPlatforms) = preSolution
		Debug|Any CPU = Debug|Any CPU
		Release|Any CPU = Release|Any CPU
	EndGlobalSection
	GlobalSection(ProjectConfigurationPlatforms) = postSolution
		{6C50E779-63D0-4404-8482-BD7133DE5DC9}.Debug|Any CPU.ActiveCfg = Debug|Any CPU
		{6C50E779-63D0-4404-8482-BD7133DE5DC9}.Debug|Any CPU.Build.0 = Debug|Any CPU
		{6C50E779-63D0-4404-8482-BD7133DE5DC9}.Release|Any CPU.ActiveCfg = Release|Any CPU
		{6C50E779-63D0-4404-8482-BD7133DE5DC9}.Release|Any CPU.Build.0 = Release|Any CPU
	EndGlobalSection
	GlobalSection(SolutionProperties) = preSolution
		HideSolutionNode = FALSE
	EndGlobalSection
	GlobalSection(ExtensibilityGlobals) = postSolution
		SolutionGuid = {08D78981-0104-4AFD-816A-285F9095AC78}
	EndGlobalSection
EndGlobal
