
Microsoft Visual Studio Solution File, Format Version 12.00
# Visual Studio Version 17
VisualStudioVersion = 17.2.32505.173
MinimumVisualStudioVersion = 10.0.40219.1
Project("{FAE04EC0-301F-11D3-BF4B-00C04F79EFBC}") = "AssignmentOperators", "AssignmentOperators\AssignmentOperators.csproj", "{8BFB73CE-0EC7-4822-B54F-1EB2DE2F0E1E}"
EndProject
Global
	GlobalSection(SolutionConfigurationPlatforms) = preSolution
		Debug|Any CPU = Debug|Any CPU
		Release|Any CPU = Release|Any CPU
	EndGlobalSection
	GlobalSection(ProjectConfigurationPlatforms) = postSolution
		{8BFB73CE-0EC7-4822-B54F-1EB2DE2F0E1E}.Debug|Any CPU.ActiveCfg = Debug|Any CPU
		{8BFB73CE-0EC7-4822-B54F-1EB2DE2F0E1E}.Debug|Any CPU.Build.0 = Debug|Any CPU
		{8BFB73CE-0EC7-4822-B54F-1EB2DE2F0E1E}.Release|Any CPU.ActiveCfg = Release|Any CPU
		{8BFB73CE-0EC7-4822-B54F-1EB2DE2F0E1E}.Release|Any CPU.Build.0 = Release|Any CPU
	EndGlobalSection
	GlobalSection(SolutionProperties) = preSolution
		HideSolutionNode = FALSE
	EndGlobalSection
	GlobalSection(ExtensibilityGlobals) = postSolution
		SolutionGuid = {FEF07468-8823-41AD-BBC4-8C25E98F0D2C}
	EndGlobalSection
EndGlobal
