
Microsoft Visual Studio Solution File, Format Version 12.00
# Visual Studio Version 17
VisualStudioVersion = 17.2.32505.173
MinimumVisualStudioVersion = 10.0.40219.1
Project("{FAE04EC0-301F-11D3-BF4B-00C04F79EFBC}") = "IncreaseSalary", "IncreaseSalary\IncreaseSalary.csproj", "{A90A484F-B8E9-4FB9-9EFB-78955DBBD53C}"
EndProject
Global
	GlobalSection(SolutionConfigurationPlatforms) = preSolution
		Debug|Any CPU = Debug|Any CPU
		Release|Any CPU = Release|Any CPU
	EndGlobalSection
	GlobalSection(ProjectConfigurationPlatforms) = postSolution
		{A90A484F-B8E9-4FB9-9EFB-78955DBBD53C}.Debug|Any CPU.ActiveCfg = Debug|Any CPU
		{A90A484F-B8E9-4FB9-9EFB-78955DBBD53C}.Debug|Any CPU.Build.0 = Debug|Any CPU
		{A90A484F-B8E9-4FB9-9EFB-78955DBBD53C}.Release|Any CPU.ActiveCfg = Release|Any CPU
		{A90A484F-B8E9-4FB9-9EFB-78955DBBD53C}.Release|Any CPU.Build.0 = Release|Any CPU
	EndGlobalSection
	GlobalSection(SolutionProperties) = preSolution
		HideSolutionNode = FALSE
	EndGlobalSection
	GlobalSection(ExtensibilityGlobals) = postSolution
		SolutionGuid = {361115B3-37FF-4DE1-A27F-9F53E87AACF8}
	EndGlobalSection
EndGlobal
