
Microsoft Visual Studio Solution File, Format Version 12.00
# Visual Studio Version 17
VisualStudioVersion = 17.2.32505.173
MinimumVisualStudioVersion = 10.0.40219.1
Project("{FAE04EC0-301F-11D3-BF4B-00C04F79EFBC}") = "DataInput-Exercise", "DataInput-Exercise\DataInput-Exercise.csproj", "{E5A0169C-9751-4E3E-B35E-A30A46620908}"
EndProject
Global
	GlobalSection(SolutionConfigurationPlatforms) = preSolution
		Debug|Any CPU = Debug|Any CPU
		Release|Any CPU = Release|Any CPU
	EndGlobalSection
	GlobalSection(ProjectConfigurationPlatforms) = postSolution
		{E5A0169C-9751-4E3E-B35E-A30A46620908}.Debug|Any CPU.ActiveCfg = Debug|Any CPU
		{E5A0169C-9751-4E3E-B35E-A30A46620908}.Debug|Any CPU.Build.0 = Debug|Any CPU
		{E5A0169C-9751-4E3E-B35E-A30A46620908}.Release|Any CPU.ActiveCfg = Release|Any CPU
		{E5A0169C-9751-4E3E-B35E-A30A46620908}.Release|Any CPU.Build.0 = Release|Any CPU
	EndGlobalSection
	GlobalSection(SolutionProperties) = preSolution
		HideSolutionNode = FALSE
	EndGlobalSection
	GlobalSection(ExtensibilityGlobals) = postSolution
		SolutionGuid = {966A26BF-078E-403C-BDA3-4CA2D9E2DD18}
	EndGlobalSection
EndGlobal
