
Microsoft Visual Studio Solution File, Format Version 12.00
# Visual Studio Version 17
VisualStudioVersion = 17.2.32505.173
MinimumVisualStudioVersion = 10.0.40219.1
Project("{FAE04EC0-301F-11D3-BF4B-00C04F79EFBC}") = "Data-Types", "Data-Types\Data-Types.csproj", "{EF898460-104A-4739-AAA6-3A7AE6CEE54B}"
EndProject
Global
	GlobalSection(SolutionConfigurationPlatforms) = preSolution
		Debug|Any CPU = Debug|Any CPU
		Release|Any CPU = Release|Any CPU
	EndGlobalSection
	GlobalSection(ProjectConfigurationPlatforms) = postSolution
		{EF898460-104A-4739-AAA6-3A7AE6CEE54B}.Debug|Any CPU.ActiveCfg = Debug|Any CPU
		{EF898460-104A-4739-AAA6-3A7AE6CEE54B}.Debug|Any CPU.Build.0 = Debug|Any CPU
		{EF898460-104A-4739-AAA6-3A7AE6CEE54B}.Release|Any CPU.ActiveCfg = Release|Any CPU
		{EF898460-104A-4739-AAA6-3A7AE6CEE54B}.Release|Any CPU.Build.0 = Release|Any CPU
	EndGlobalSection
	GlobalSection(SolutionProperties) = preSolution
		HideSolutionNode = FALSE
	EndGlobalSection
	GlobalSection(ExtensibilityGlobals) = postSolution
		SolutionGuid = {CAD6983A-2DB8-4DD6-8A7C-17AA9197F5C3}
	EndGlobalSection
EndGlobal
